
Microsoft Visual Studio Solution File, Format Version 12.00
# Visual Studio Version 17
VisualStudioVersion = 17.4.33205.214
MinimumVisualStudioVersion = 10.0.40219.1
Project("{9A19103F-16F7-4668-BE54-9A1E7A4F7556}") = "Bifrost.Genetics", "Bifrost.Genetics.csproj", "{F6A57AA0-5885-40FE-AF02-112A55E849D0}"
EndProject
Global
	GlobalSection(SolutionConfigurationPlatforms) = preSolution
		Debug|Any CPU = Debug|Any CPU
		Release|Any CPU = Release|Any CPU
	EndGlobalSection
	GlobalSection(ProjectConfigurationPlatforms) = postSolution
		{F6A57AA0-5885-40FE-AF02-112A55E849D0}.Debug|Any CPU.ActiveCfg = Debug|Any CPU
		{F6A57AA0-5885-40FE-AF02-112A55E849D0}.Debug|Any CPU.Build.0 = Debug|Any CPU
		{F6A57AA0-5885-40FE-AF02-112A55E849D0}.Release|Any CPU.ActiveCfg = Release|Any CPU
		{F6A57AA0-5885-40FE-AF02-112A55E849D0}.Release|Any CPU.Build.0 = Release|Any CPU
	EndGlobalSection
	GlobalSection(SolutionProperties) = preSolution
		HideSolutionNode = FALSE
	EndGlobalSection
	GlobalSection(ExtensibilityGlobals) = postSolution
		SolutionGuid = {FB191508-898B-4223-BB37-21E8AF25EF07}
	EndGlobalSection
EndGlobal
